# This file is @generated by PDM.
# It is not intended for manual editing.

[metadata]
groups = ["default"]
strategy = ["inherit_metadata"]
lock_version = "4.5.0"
content_hash = "sha256:1cbbbe711b68df232a48c51011881a4037e331970f29ac9146db1215f48ca68d"

[[metadata.targets]]
requires_python = "==3.13.*"

[[package]]
name = "beautifulsoup4"
version = "4.14.3"
requires_python = ">=3.7.0"
summary = "Screen-scraping library"
groups = ["default"]
dependencies = [
    "soupsieve>=1.6.1",
    "typing-extensions>=4.0.0",
]
files = [
    {file = "beautifulsoup4-4.14.3-py3-none-any.whl", hash = "sha256:0918bfe44902e6ad8d57732ba310582e98da931428d231a5ecb9e7c703a735bb"},
    {file = "beautifulsoup4-4.14.3.tar.gz", hash = "sha256:6292b1c5186d356bba669ef9f7f051757099565ad9ada5dd630bd9de5fa7fb86"},
]

[[package]]
name = "certifi"
version = "2026.2.25"
requires_python = ">=3.7"
summary = "Python package for providing Mozilla's CA Bundle."
groups = ["default"]
files = [
    {file = "certifi-2026.2.25-py3-none-any.whl", hash = "sha256:027692e4402ad994f1c42e52a4997a9763c646b73e4096e4d5d6db8af1d6f0fa"},
    {file = "certifi-2026.2.25.tar.gz", hash = "sha256:e887ab5cee78ea814d3472169153c2d12cd43b14bd03329a39a9c6e2e80bfba7"},
]

[[package]]
name = "cffi"
version = "2.0.0"
requires_python = ">=3.9"
summary = "Foreign Function Interface for Python calling C code."
groups = ["default"]
dependencies = [
    "pycparser; implementation_name != \"PyPy\"",
]
files = [
    {file = "cffi-2.0.0-cp313-cp313-macosx_10_13_x86_64.whl", hash = "sha256:00bdf7acc5f795150faa6957054fbbca2439db2f775ce831222b66f192f03beb"},
    {file = "cffi-2.0.0-cp313-cp313-macosx_11_0_arm64.whl", hash = "sha256:45d5e886156860dc35862657e1494b9bae8dfa63bf56796f2fb56e1679fc0bca"},
    {file = "cffi-2.0.0-cp313-cp313-manylinux1_i686.manylinux2014_i686.manylinux_2_17_i686.manylinux_2_5_i686.whl", hash = "sha256:07b271772c100085dd28b74fa0cd81c8fb1a3ba18b21e03d7c27f3436a10606b"},
    {file = "cffi-2.0.0-cp313-cp313-manylinux2014_aarch64.manylinux_2_17_aarch64.whl", hash = "sha256:d48a880098c96020b02d5a1f7d9251308510ce8858940e6fa99ece33f610838b"},
    {file = "cffi-2.0.0-cp313-cp313-manylinux2014_ppc64le.manylinux_2_17_ppc64le.whl", hash = "sha256:f93fd8e5c8c0a4aa1f424d6173f14a892044054871c771f8566e4008eaa359d2"},
    {file = "cffi-2.0.0-cp313-cp313-manylinux2014_s390x.manylinux_2_17_s390x.whl", hash = "sha256:dd4f05f54a52fb558f1ba9f528228066954fee3ebe629fc1660d874d040ae5a3"},
    {file = "cffi-2.0.0-cp313-cp313-manylinux2014_x86_64.manylinux_2_17_x86_64.whl", hash = "sha256:c8d3b5532fc71b7a77c09192b4a5a200ea992702734a2e9279a37f2478236f26"},
    {file = "cffi-2.0.0-cp313-cp313-musllinux_1_2_aarch64.whl", hash = "sha256:d9b29c1f0ae438d5ee9acb31cadee00a58c46cc9c0b2f9038c6b0b3470877a8c"},
    {file = "cffi-2.0.0-cp313-cp313-musllinux_1_2_x86_64.whl", hash = "sha256:6d50360be4546678fc1b79ffe7a66265e28667840010348dd69a314145807a1b"},
    {file = "cffi-2.0.0-cp313-cp313-win32.whl", hash = "sha256:74a03b9698e198d47562765773b4a8309919089150a0bb17d829ad7b44b60d27"},
    {file = "cffi-2.0.0-cp313-cp313-win_amd64.whl", hash = "sha256:19f705ada2530c1167abacb171925dd886168931e0a7b78f5bffcae5c6b5be75"},
    {file = "cffi-2.0.0-cp313-cp313-win_arm64.whl", hash = "sha256:256f80b80ca3853f90c21b23ee78cd008713787b1b1e93eae9f3d6a7134abd91"},
    {file = "cffi-2.0.0.tar.gz", hash = "sha256:44d1b5909021139fe36001ae048dbdde8214afa20200eda0f64c068cac5d5529"},
]

[[package]]
name = "charset-normalizer"
version = "3.4.4"
requires_python = ">=3.7"
summary = "The Real First Universal Charset Detector. Open, modern and actively maintained alternative to Chardet."
groups = ["default"]
files = [
    {file = "charset_normalizer-3.4.4-cp313-cp313-macosx_10_13_universal2.whl", hash = "sha256:e1f185f86a6f3403aa2420e815904c67b2f9ebc443f045edd0de921108345794"},
    {file = "charset_normalizer-3.4.4-cp313-cp313-manylinux2014_aarch64.manylinux_2_17_aarch64.manylinux_2_28_aarch64.whl", hash = "sha256:6b39f987ae8ccdf0d2642338faf2abb1862340facc796048b604ef14919e55ed"},
    {file = "charset_normalizer-3.4.4-cp313-cp313-manylinux2014_armv7l.manylinux_2_17_armv7l.manylinux_2_31_armv7l.whl", hash = "sha256:3162d5d8ce1bb98dd51af660f2121c55d0fa541b46dff7bb9b9f86ea1d87de72"},
    {file = "charset_normalizer-3.4.4-cp313-cp313-manylinux2014_ppc64le.manylinux_2_17_ppc64le.manylinux_2_28_ppc64le.whl", hash = "sha256:81d5eb2a312700f4ecaa977a8235b634ce853200e828fbadf3a9c50bab278328"},
    {file = "charset_normalizer-3.4.4-cp313-cp313-manylinux2014_s390x.manylinux_2_17_s390x.manylinux_2_28_s390x.whl", hash = "sha256:5bd2293095d766545ec1a8f612559f6b40abc0eb18bb2f5d1171872d34036ede"},
    {file = "charset_normalizer-3.4.4-cp313-cp313-manylinux2014_x86_64.manylinux_2_17_x86_64.manylinux_2_28_x86_64.whl", hash = "sha256:a8a8b89589086a25749f471e6a900d3f662d1d3b6e2e59dcecf787b1cc3a1894"},
    {file = "charset_normalizer-3.4.4-cp313-cp313-manylinux_2_31_riscv64.manylinux_2_39_riscv64.whl", hash = "sha256:bc7637e2f80d8530ee4a78e878bce464f70087ce73cf7c1caf142416923b98f1"},
    {file = "charset_normalizer-3.4.4-cp313-cp313-musllinux_1_2_aarch64.whl", hash = "sha256:f8bf04158c6b607d747e93949aa60618b61312fe647a6369f88ce2ff16043490"},
    {file = "charset_normalizer-3.4.4-cp313-cp313-musllinux_1_2_armv7l.whl", hash = "sha256:554af85e960429cf30784dd47447d5125aaa3b99a6f0683589dbd27e2f45da44"},
    {file = "charset_normalizer-3.4.4-cp313-cp313-musllinux_1_2_ppc64le.whl", hash = "sha256:74018750915ee7ad843a774364e13a3db91682f26142baddf775342c3f5b1133"},
    {file = "charset_normalizer-3.4.4-cp313-cp313-musllinux_1_2_riscv64.whl", hash = "sha256:c0463276121fdee9c49b98908b3a89c39be45d86d1dbaa22957e38f6321d4ce3"},
    {file = "charset_normalizer-3.4.4-cp313-cp313-musllinux_1_2_s390x.whl", hash = "sha256:362d61fd13843997c1c446760ef36f240cf81d3ebf74ac62652aebaf7838561e"},
    {file = "charset_normalizer-3.4.4-cp313-cp313-musllinux_1_2_x86_64.whl", hash = "sha256:9a26f18905b8dd5d685d6d07b0cdf98a79f3c7a918906af7cc143ea2e164c8bc"},
    {file = "charset_normalizer-3.4.4-cp313-cp313-win32.whl", hash = "sha256:9b35f4c90079ff2e2edc5b26c0c77925e5d2d255c42c74fdb70fb49b172726ac"},
    {file = "charset_normalizer-3.4.4-cp313-cp313-win_amd64.whl", hash = "sha256:b435cba5f4f750aa6c0a0d92c541fb79f69a387c91e61f1795227e4ed9cece14"},
    {file = "charset_normalizer-3.4.4-cp313-cp313-win_arm64.whl", hash = "sha256:542d2cee80be6f80247095cc36c418f7bddd14f4a6de45af91dfad36d817bba2"},
    {file = "charset_normalizer-3.4.4-py3-none-any.whl", hash = "sha256:7a32c560861a02ff789ad905a2fe94e3f840803362c84fecf1851cb4cf3dc37f"},
    {file = "charset_normalizer-3.4.4.tar.gz", hash = "sha256:94537985111c35f28720e43603b8e7b43a6ecfb2ce1d3058bbe955b73404e21a"},
]

[[package]]
name = "curl-cffi"
version = "0.13.0"
requires_python = ">=3.9"
summary = "libcurl ffi bindings for Python, with impersonation support."
groups = ["default"]
dependencies = [
    "certifi>=2024.2.2",
    "cffi>=1.12.0",
]
files = [
    {file = "curl_cffi-0.13.0-cp39-abi3-macosx_10_9_x86_64.whl", hash = "sha256:434cadbe8df2f08b2fc2c16dff2779fb40b984af99c06aa700af898e185bb9db"},
    {file = "curl_cffi-0.13.0-cp39-abi3-macosx_11_0_arm64.whl", hash = "sha256:59afa877a9ae09efa04646a7d068eeea48915a95d9add0a29854e7781679fcd7"},
    {file = "curl_cffi-0.13.0-cp39-abi3-manylinux_2_17_aarch64.manylinux2014_aarch64.whl", hash = "sha256:d06ed389e45a7ca97b17c275dbedd3d6524560270e675c720e93a2018a766076"},
    {file = "curl_cffi-0.13.0-cp39-abi3-manylinux_2_17_i686.manylinux2014_i686.whl", hash = "sha256:b4e0de45ab3b7a835c72bd53640c2347415111b43421b5c7a1a0b18deae2e541"},
    {file = "curl_cffi-0.13.0-cp39-abi3-manylinux_2_17_x86_64.manylinux2014_x86_64.whl", hash = "sha256:8eb4083371bbb94e9470d782de235fb5268bf43520de020c9e5e6be8f395443f"},
    {file = "curl_cffi-0.13.0-cp39-abi3-musllinux_1_1_aarch64.whl", hash = "sha256:28911b526e8cd4aa0e5e38401bfe6887e8093907272f1f67ca22e6beb2933a51"},
    {file = "curl_cffi-0.13.0-cp39-abi3-musllinux_1_1_x86_64.whl", hash = "sha256:6d433ffcb455ab01dd0d7bde47109083aa38b59863aa183d29c668ae4c96bf8e"},
    {file = "curl_cffi-0.13.0-cp39-abi3-win_amd64.whl", hash = "sha256:66a6b75ce971de9af64f1b6812e275f60b88880577bac47ef1fa19694fa21cd3"},
    {file = "curl_cffi-0.13.0-cp39-abi3-win_arm64.whl", hash = "sha256:d438a3b45244e874794bc4081dc1e356d2bb926dcc7021e5a8fef2e2105ef1d8"},
    {file = "curl_cffi-0.13.0.tar.gz", hash = "sha256:62ecd90a382bd5023750e3606e0aa7cb1a3a8ba41c14270b8e5e149ebf72c5ca"},
]

[[package]]
name = "forex-python"
version = "1.9.2"
requires_python = "!=3.0.*,!=3.1.*,!=3.2.*,<4,>=2.7"
summary = "Free foreign exchange rates and currency conversion."
groups = ["default"]
dependencies = [
    "requests>=2.0",
    "simplejson>=3.0",
]
files = [
    {file = "forex_python-1.9.2-py3-none-any.whl", hash = "sha256:d7fa5f98305d9afee8bef5e05dcdc439137476827086cd5c13b45d5ffc97eb19"},
    {file = "forex_python-1.9.2.tar.gz", hash = "sha256:f56c91300818daae629c9b55a980b7c223e1fc075fc60b12355bfae959aba0c3"},
]

[[package]]
name = "frozendict"
version = "2.4.7"
requires_python = ">=3.6"
summary = "A simple immutable dictionary"
groups = ["default"]
files = [
    {file = "frozendict-2.4.7-py3-none-any.whl", hash = "sha256:972af65924ea25cf5b4d9326d549e69a9a4918d8a76a9d3a7cd174d98b237550"},
    {file = "frozendict-2.4.7.tar.gz", hash = "sha256:e478fb2a1391a56c8a6e10cc97c4a9002b410ecd1ac28c18d780661762e271bd"},
]

[[package]]
name = "idna"
version = "3.11"
requires_python = ">=3.8"
summary = "Internationalized Domain Names in Applications (IDNA)"
groups = ["default"]
files = [
    {file = "idna-3.11-py3-none-any.whl", hash = "sha256:771a87f49d9defaf64091e6e6fe9c18d4833f140bd19464795bc32d966ca37ea"},
    {file = "idna-3.11.tar.gz", hash = "sha256:795dafcc9c04ed0c1fb032c2aa73654d8e8c5023a7df64a53f39190ada629902"},
]

[[package]]
name = "multitasking"
version = "0.0.12"
summary = "Non-blocking Python methods using decorators"
groups = ["default"]
files = [
    {file = "multitasking-0.0.12.tar.gz", hash = "sha256:2fba2fa8ed8c4b85e227c5dd7dc41c7d658de3b6f247927316175a57349b84d1"},
]

[[package]]
name = "numpy"
version = "2.4.2"
requires_python = ">=3.11"
summary = "Fundamental package for array computing in Python"
groups = ["default"]
files = [
    {file = "numpy-2.4.2-cp313-cp313-macosx_10_13_x86_64.whl", hash = "sha256:25f2059807faea4b077a2b6837391b5d830864b3543627f381821c646f31a63c"},
    {file = "numpy-2.4.2-cp313-cp313-macosx_11_0_arm64.whl", hash = "sha256:bd3a7a9f5847d2fb8c2c6d1c862fa109c31a9abeca1a3c2bd5a64572955b2979"},
    {file = "numpy-2.4.2-cp313-cp313-macosx_14_0_arm64.whl", hash = "sha256:8e4549f8a3c6d13d55041925e912bfd834285ef1dd64d6bc7d542583355e2e98"},
    {file = "numpy-2.4.2-cp313-cp313-macosx_14_0_x86_64.whl", hash = "sha256:aea4f66ff44dfddf8c2cffd66ba6538c5ec67d389285292fe428cb2c738c8aef"},
    {file = "numpy-2.4.2-cp313-cp313-manylinux_2_27_aarch64.manylinux_2_28_aarch64.whl", hash = "sha256:c3cd545784805de05aafe1dde61752ea49a359ccba9760c1e5d1c88a93bbf2b7"},
    {file = "numpy-2.4.2-cp313-cp313-manylinux_2_27_x86_64.manylinux_2_28_x86_64.whl", hash = "sha256:d0d9b7c93578baafcbc5f0b83eaf17b79d345c6f36917ba0c67f45226911d499"},
    {file = "numpy-2.4.2-cp313-cp313-musllinux_1_2_aarch64.whl", hash = "sha256:f74f0f7779cc7ae07d1810aab8ac6b1464c3eafb9e283a40da7309d5e6e48fbb"},
    {file = "numpy-2.4.2-cp313-cp313-musllinux_1_2_x86_64.whl", hash = "sha256:c7ac672d699bf36275c035e16b65539931347d68b70667d28984c9fb34e07fa7"},
    {file = "numpy-2.4.2-cp313-cp313-win32.whl", hash = "sha256:8e9afaeb0beff068b4d9cd20d322ba0ee1cecfb0b08db145e4ab4dd44a6b5110"},
    {file = "numpy-2.4.2-cp313-cp313-win_amd64.whl", hash = "sha256:7df2de1e4fba69a51c06c28f5a3de36731eb9639feb8e1cf7e4a7b0daf4cf622"},
    {file = "numpy-2.4.2-cp313-cp313-win_arm64.whl", hash = "sha256:0fece1d1f0a89c16b03442eae5c56dc0be0c7883b5d388e0c03f53019a4bfd71"},
    {file = "numpy-2.4.2-cp313-cp313t-macosx_11_0_arm64.whl", hash = "sha256:5633c0da313330fd20c484c78cdd3f9b175b55e1a766c4a174230c6b70ad8262"},
    {file = "numpy-2.4.2-cp313-cp313t-macosx_14_0_arm64.whl", hash = "sha256:d9f64d786b3b1dd742c946c42d15b07497ed14af1a1f3ce840cce27daa0ce913"},
    {file = "numpy-2.4.2-cp313-cp313t-macosx_14_0_x86_64.whl", hash = "sha256:b21041e8cb6a1eb5312dd1d2f80a94d91efffb7a06b70597d44f1bd2dfc315ab"},
    {file = "numpy-2.4.2-cp313-cp313t-manylinux_2_27_aarch64.manylinux_2_28_aarch64.whl", hash = "sha256:00ab83c56211a1d7c07c25e3217ea6695e50a3e2f255053686b081dc0b091a82"},
    {file = "numpy-2.4.2-cp313-cp313t-manylinux_2_27_x86_64.manylinux_2_28_x86_64.whl", hash = "sha256:2fb882da679409066b4603579619341c6d6898fc83a8995199d5249f986e8e8f"},
    {file = "numpy-2.4.2-cp313-cp313t-musllinux_1_2_aarch64.whl", hash = "sha256:66cb9422236317f9d44b67b4d18f44efe6e9c7f8794ac0462978513359461554"},
    {file = "numpy-2.4.2-cp313-cp313t-musllinux_1_2_x86_64.whl", hash = "sha256:0f01dcf33e73d80bd8dc0f20a71303abbafa26a19e23f6b68d1aa9990af90257"},
    {file = "numpy-2.4.2-cp313-cp313t-win32.whl", hash = "sha256:52b913ec40ff7ae845687b0b34d8d93b60cb66dcee06996dd5c99f2fc9328657"},
    {file = "numpy-2.4.2-cp313-cp313t-win_amd64.whl", hash = "sha256:5eea80d908b2c1f91486eb95b3fb6fab187e569ec9752ab7d9333d2e66bf2d6b"},
    {file = "numpy-2.4.2-cp313-cp313t-win_arm64.whl", hash = "sha256:fd49860271d52127d61197bb50b64f58454e9f578cb4b2c001a6de8b1f50b0b1"},
    {file = "numpy-2.4.2.tar.gz", hash = "sha256:659a6107e31a83c4e33f763942275fd278b21d095094044eb35569e86a21ddae"},
]

[[package]]
name = "pandas"
version = "3.0.1"
requires_python = ">=3.11"
summary = "Powerful data structures for data analysis, time series, and statistics"
groups = ["default"]
dependencies = [
    "numpy>=1.26.0; python_version < \"3.14\"",
    "numpy>=2.3.3; python_version >= \"3.14\"",
    "python-dateutil>=2.8.2",
    "tzdata; sys_platform == \"emscripten\"",
    "tzdata; sys_platform == \"win32\"",
]
files = [
    {file = "pandas-3.0.1-cp313-cp313-macosx_10_13_x86_64.whl", hash = "sha256:5272627187b5d9c20e55d27caf5f2cd23e286aba25cadf73c8590e432e2b7262"},
    {file = "pandas-3.0.1-cp313-cp313-macosx_11_0_arm64.whl", hash = "sha256:661e0f665932af88c7877f31da0dc743fe9c8f2524bdffe23d24fdcb67ef9d56"},
    {file = "pandas-3.0.1-cp313-cp313-manylinux_2_24_aarch64.manylinux_2_28_aarch64.whl", hash = "sha256:75e6e292ff898679e47a2199172593d9f6107fd2dd3617c22c2946e97d5df46e"},
    {file = "pandas-3.0.1-cp313-cp313-manylinux_2_24_x86_64.manylinux_2_28_x86_64.whl", hash = "sha256:1ff8cf1d2896e34343197685f432450ec99a85ba8d90cce2030c5eee2ef98791"},
    {file = "pandas-3.0.1-cp313-cp313-musllinux_1_2_aarch64.whl", hash = "sha256:eca8b4510f6763f3d37359c2105df03a7a221a508f30e396a51d0713d462e68a"},
    {file = "pandas-3.0.1-cp313-cp313-musllinux_1_2_x86_64.whl", hash = "sha256:06aff2ad6f0b94a17822cf8b83bbb563b090ed82ff4fe7712db2ce57cd50d9b8"},
    {file = "pandas-3.0.1-cp313-cp313-win_amd64.whl", hash = "sha256:9fea306c783e28884c29057a1d9baa11a349bbf99538ec1da44c8476563d1b25"},
    {file = "pandas-3.0.1-cp313-cp313-win_arm64.whl", hash = "sha256:a8d37a43c52917427e897cb2e429f67a449327394396a81034a4449b99afda59"},
    {file = "pandas-3.0.1-cp313-cp313t-macosx_10_13_x86_64.whl", hash = "sha256:d54855f04f8246ed7b6fc96b05d4871591143c46c0b6f4af874764ed0d2d6f06"},
    {file = "pandas-3.0.1-cp313-cp313t-macosx_11_0_arm64.whl", hash = "sha256:4e1b677accee34a09e0dc2ce5624e4a58a1870ffe56fc021e9caf7f23cd7668f"},
    {file = "pandas-3.0.1-cp313-cp313t-manylinux_2_24_aarch64.manylinux_2_28_aarch64.whl", hash = "sha256:a9cabbdcd03f1b6cd254d6dda8ae09b0252524be1592594c00b7895916cb1324"},
    {file = "pandas-3.0.1-cp313-cp313t-manylinux_2_24_x86_64.manylinux_2_28_x86_64.whl", hash = "sha256:5ae2ab1f166668b41e770650101e7090824fd34d17915dd9cd479f5c5e0065e9"},
    {file = "pandas-3.0.1-cp313-cp313t-musllinux_1_2_aarch64.whl", hash = "sha256:6bf0603c2e30e2cafac32807b06435f28741135cb8697eae8b28c7d492fc7d76"},
    {file = "pandas-3.0.1-cp313-cp313t-musllinux_1_2_x86_64.whl", hash = "sha256:6c426422973973cae1f4a23e51d4ae85974f44871b24844e4f7de752dd877098"},
    {file = "pandas-3.0.1-cp313-cp313t-win_amd64.whl", hash = "sha256:b03f91ae8c10a85c1613102c7bef5229b5379f343030a3ccefeca8a33414cf35"},
    {file = "pandas-3.0.1.tar.gz", hash = "sha256:4186a699674af418f655dbd420ed87f50d56b4cd6603784279d9eef6627823c8"},
]

[[package]]
name = "peewee"
version = "4.0.1"
summary = "a little orm"
groups = ["default"]
files = [
    {file = "peewee-4.0.1-py3-none-any.whl", hash = "sha256:10afaa02c9f6d0f2dfe0f5b9007075c985eb141ab740a8831e37be2a61b3595c"},
    {file = "peewee-4.0.1.tar.gz", hash = "sha256:beb1a173a52952a4d69197ca36408166740b2ced339c0e8159617c3fa1e1c4da"},
]

[[package]]
name = "platformdirs"
version = "4.9.2"
requires_python = ">=3.10"
summary = "A small Python package for determining appropriate platform-specific dirs, e.g. a `user data dir`."
groups = ["default"]
files = [
    {file = "platformdirs-4.9.2-py3-none-any.whl", hash = "sha256:9170634f126f8efdae22fb58ae8a0eaa86f38365bc57897a6c4f781d1f5875bd"},
    {file = "platformdirs-4.9.2.tar.gz", hash = "sha256:9a33809944b9db043ad67ca0db94b14bf452cc6aeaac46a88ea55b26e2e9d291"},
]

[[package]]
name = "protobuf"
version = "7.34.0"
requires_python = ">=3.10"
summary = ""
groups = ["default"]
files = [
    {file = "protobuf-7.34.0-cp310-abi3-macosx_10_9_universal2.whl", hash = "sha256:8e329966799f2c271d5e05e236459fe1cbfdb8755aaa3b0914fa60947ddea408"},
    {file = "protobuf-7.34.0-cp310-abi3-manylinux2014_aarch64.whl", hash = "sha256:9d7a5005fb96f3c1e64f397f91500b0eb371b28da81296ae73a6b08a5b76cdd6"},
    {file = "protobuf-7.34.0-cp310-abi3-manylinux2014_s390x.whl", hash = "sha256:4a72a8ec94e7a9f7ef7fe818ed26d073305f347f8b3b5ba31e22f81fd85fca02"},
    {file = "protobuf-7.34.0-cp310-abi3-manylinux2014_x86_64.whl", hash = "sha256:964cf977e07f479c0697964e83deda72bcbc75c3badab506fb061b352d991b01"},
    {file = "protobuf-7.34.0-cp310-abi3-win32.whl", hash = "sha256:f791ec509707a1d91bd02e07df157e75e4fb9fbdad12a81b7396201ec244e2e3"},
    {file = "protobuf-7.34.0-cp310-abi3-win_amd64.whl", hash = "sha256:9f9079f1dde4e32342ecbd1c118d76367090d4aaa19da78230c38101c5b3dd40"},
    {file = "protobuf-7.34.0-py3-none-any.whl", hash = "sha256:e3b914dd77fa33fa06ab2baa97937746ab25695f389869afdf03e81f34e45dc7"},
    {file = "protobuf-7.34.0.tar.gz", hash = "sha256:3871a3df67c710aaf7bb8d214cc997342e63ceebd940c8c7fc65c9b3d697591a"},
]

[[package]]
name = "pycparser"
version = "3.0"
requires_python = ">=3.10"
summary = "C parser in Python"
groups = ["default"]
marker = "implementation_name != \"PyPy\""
files = [
    {file = "pycparser-3.0-py3-none-any.whl", hash = "sha256:b727414169a36b7d524c1c3e31839a521725078d7b2ff038656844266160a992"},
    {file = "pycparser-3.0.tar.gz", hash = "sha256:600f49d217304a5902ac3c37e1281c9fe94e4d0489de643a9504c5cdfdfc6b29"},
]

[[package]]
name = "python-dateutil"
version = "2.9.0.post0"
requires_python = "!=3.0.*,!=3.1.*,!=3.2.*,>=2.7"
summary = "Extensions to the standard Python datetime module"
groups = ["default"]
dependencies = [
    "six>=1.5",
]
files = [
    {file = "python-dateutil-2.9.0.post0.tar.gz", hash = "sha256:37dd54208da7e1cd875388217d5e00ebd4179249f90fb72437e91a35459a0ad3"},
    {file = "python_dateutil-2.9.0.post0-py2.py3-none-any.whl", hash = "sha256:a8b2bc7bffae282281c8140a97d3aa9c14da0b136dfe83f850eea9a5f7470427"},
]

[[package]]
name = "pytz"
version = "2026.1.post1"
summary = "World timezone definitions, modern and historical"
groups = ["default"]
files = [
    {file = "pytz-2026.1.post1-py2.py3-none-any.whl", hash = "sha256:f2fd16142fda348286a75e1a524be810bb05d444e5a081f37f7affc635035f7a"},
    {file = "pytz-2026.1.post1.tar.gz", hash = "sha256:3378dde6a0c3d26719182142c56e60c7f9af7e968076f31aae569d72a0358ee1"},
]

[[package]]
name = "requests"
version = "2.32.5"
requires_python = ">=3.9"
summary = "Python HTTP for Humans."
groups = ["default"]
dependencies = [
    "certifi>=2017.4.17",
    "charset-normalizer<4,>=2",
    "idna<4,>=2.5",
    "urllib3<3,>=1.21.1",
]
files = [
    {file = "requests-2.32.5-py3-none-any.whl", hash = "sha256:2462f94637a34fd532264295e186976db0f5d453d1cdd31473c85a6a161affb6"},
    {file = "requests-2.32.5.tar.gz", hash = "sha256:dbba0bac56e100853db0ea71b82b4dfd5fe2bf6d3754a8893c3af500cec7d7cf"},
]

[[package]]
name = "simplejson"
version = "3.20.2"
requires_python = "!=3.0.*,!=3.1.*,!=3.2.*,>=2.5"
summary = "Simple, fast, extensible JSON encoder/decoder for Python"
groups = ["default"]
files = [
    {file = "simplejson-3.20.2-cp313-cp313-macosx_10_13_universal2.whl", hash = "sha256:90d311ba8fcd733a3677e0be21804827226a57144130ba01c3c6a325e887dd86"},
    {file = "simplejson-3.20.2-cp313-cp313-macosx_10_13_x86_64.whl", hash = "sha256:feed6806f614bdf7f5cb6d0123cb0c1c5f40407ef103aa935cffaa694e2e0c74"},
    {file = "simplejson-3.20.2-cp313-cp313-macosx_11_0_arm64.whl", hash = "sha256:6b1d8d7c3e1a205c49e1aee6ba907dcb8ccea83651e6c3e2cb2062f1e52b0726"},
    {file = "simplejson-3.20.2-cp313-cp313-manylinux_2_17_aarch64.manylinux2014_aarch64.whl", hash = "sha256:552f55745044a24c3cb7ec67e54234be56d5d6d0e054f2e4cf4fb3e297429be5"},
    {file = "simplejson-3.20.2-cp313-cp313-manylinux_2_17_ppc64le.manylinux2014_ppc64le.whl", hash = "sha256:c2da97ac65165d66b0570c9e545786f0ac7b5de5854d3711a16cacbcaa8c472d"},
    {file = "simplejson-3.20.2-cp313-cp313-manylinux_2_5_i686.manylinux1_i686.manylinux_2_17_i686.manylinux2014_i686.whl", hash = "sha256:f59a12966daa356bf68927fca5a67bebac0033cd18b96de9c2d426cd11756cd0"},
    {file = "simplejson-3.20.2-cp313-cp313-manylinux_2_5_x86_64.manylinux1_x86_64.manylinux_2_17_x86_64.manylinux2014_x86_64.whl", hash = "sha256:133ae2098a8e162c71da97cdab1f383afdd91373b7ff5fe65169b04167da976b"},
    {file = "simplejson-3.20.2-cp313-cp313-musllinux_1_2_aarch64.whl", hash = "sha256:7977640af7b7d5e6a852d26622057d428706a550f7f5083e7c4dd010a84d941f"},
    {file = "simplejson-3.20.2-cp313-cp313-musllinux_1_2_i686.whl", hash = "sha256:b530ad6d55e71fa9e93e1109cf8182f427a6355848a4ffa09f69cc44e1512522"},
    {file = "simplejson-3.20.2-cp313-cp313-musllinux_1_2_ppc64le.whl", hash = "sha256:bd96a7d981bf64f0e42345584768da4435c05b24fd3c364663f5fbc8fabf82e3"},
    {file = "simplejson-3.20.2-cp313-cp313-musllinux_1_2_x86_64.whl", hash = "sha256:f28ee755fadb426ba2e464d6fcf25d3f152a05eb6b38e0b4f790352f5540c769"},
    {file = "simplejson-3.20.2-cp313-cp313-win32.whl", hash = "sha256:472785b52e48e3eed9b78b95e26a256f59bb1ee38339be3075dad799e2e1e661"},
    {file = "simplejson-3.20.2-cp313-cp313-win_amd64.whl", hash = "sha256:a1a85013eb33e4820286139540accbe2c98d2da894b2dcefd280209db508e608"},
    {file = "simplejson-3.20.2-py3-none-any.whl", hash = "sha256:3b6bb7fb96efd673eac2e4235200bfffdc2353ad12c54117e1e4e2fc485ac017"},
    {file = "simplejson-3.20.2.tar.gz", hash = "sha256:5fe7a6ce14d1c300d80d08695b7f7e633de6cd72c80644021874d985b3393649"},
]

[[package]]
name = "six"
version = "1.17.0"
requires_python = "!=3.0.*,!=3.1.*,!=3.2.*,>=2.7"
summary = "Python 2 and 3 compatibility utilities"
groups = ["default"]
files = [
    {file = "six-1.17.0-py2.py3-none-any.whl", hash = "sha256:4721f391ed90541fddacab5acf947aa0d3dc7d27b2e1e8eda2be8970586c3274"},
    {file = "six-1.17.0.tar.gz", hash = "sha256:ff70335d468e7eb6ec65b95b99d3a2836546063f63acc5171de367e834932a81"},
]

[[package]]
name = "soupsieve"
version = "2.8.3"
requires_python = ">=3.9"
summary = "A modern CSS selector implementation for Beautiful Soup."
groups = ["default"]
files = [
    {file = "soupsieve-2.8.3-py3-none-any.whl", hash = "sha256:ed64f2ba4eebeab06cc4962affce381647455978ffc1e36bb79a545b91f45a95"},
    {file = "soupsieve-2.8.3.tar.gz", hash = "sha256:3267f1eeea4251fb42728b6dfb746edc9acaffc4a45b27e19450b676586e8349"},
]

[[package]]
name = "typing-extensions"
version = "4.15.0"
requires_python = ">=3.9"
summary = "Backported and Experimental Type Hints for Python 3.9+"
groups = ["default"]
files = [
    {file = "typing_extensions-4.15.0-py3-none-any.whl", hash = "sha256:f0fa19c6845758ab08074a0cfa8b7aecb71c999ca73d62883bc25cc018c4e548"},
    {file = "typing_extensions-4.15.0.tar.gz", hash = "sha256:0cea48d173cc12fa28ecabc3b837ea3cf6f38c6d1136f85cbaaf598984861466"},
]

[[package]]
name = "tzdata"
version = "2025.3"
requires_python = ">=2"
summary = "Provider of IANA time zone data"
groups = ["default"]
marker = "sys_platform == \"win32\" or sys_platform == \"emscripten\""
files = [
    {file = "tzdata-2025.3-py2.py3-none-any.whl", hash = "sha256:06a47e5700f3081aab02b2e513160914ff0694bce9947d6b76ebd6bf57cfc5d1"},
    {file = "tzdata-2025.3.tar.gz", hash = "sha256:de39c2ca5dc7b0344f2eba86f49d614019d29f060fc4ebc8a417896a620b56a7"},
]

[[package]]
name = "urllib3"
version = "2.6.3"
requires_python = ">=3.9"
summary = "HTTP library with thread-safe connection pooling, file post, and more."
groups = ["default"]
files = [
    {file = "urllib3-2.6.3-py3-none-any.whl", hash = "sha256:bf272323e553dfb2e87d9bfd225ca7b0f467b919d7bbd355436d3fd37cb0acd4"},
    {file = "urllib3-2.6.3.tar.gz", hash = "sha256:1b62b6884944a57dbe321509ab94fd4d3b307075e0c2eae991ac71ee15ad38ed"},
]

[[package]]
name = "websockets"
version = "16.0"
requires_python = ">=3.10"
summary = "An implementation of the WebSocket Protocol (RFC 6455 & 7692)"
groups = ["default"]
files = [
    {file = "websockets-16.0-cp313-cp313-macosx_10_13_universal2.whl", hash = "sha256:878b336ac47938b474c8f982ac2f7266a540adc3fa4ad74ae96fea9823a02cc9"},
    {file = "websockets-16.0-cp313-cp313-macosx_10_13_x86_64.whl", hash = "sha256:52a0fec0e6c8d9a784c2c78276a48a2bdf099e4ccc2a4cad53b27718dbfd0230"},
    {file = "websockets-16.0-cp313-cp313-macosx_11_0_arm64.whl", hash = "sha256:e6578ed5b6981005df1860a56e3617f14a6c307e6a71b4fff8c48fdc50f3ed2c"},
    {file = "websockets-16.0-cp313-cp313-manylinux1_x86_64.manylinux_2_28_x86_64.manylinux_2_5_x86_64.whl", hash = "sha256:95724e638f0f9c350bb1c2b0a7ad0e83d9cc0c9259f3ea94e40d7b02a2179ae5"},
    {file = "websockets-16.0-cp313-cp313-manylinux2014_aarch64.manylinux_2_17_aarch64.manylinux_2_28_aarch64.whl", hash = "sha256:c0204dc62a89dc9d50d682412c10b3542d748260d743500a85c13cd1ee4bde82"},
    {file = "websockets-16.0-cp313-cp313-musllinux_1_2_aarch64.whl", hash = "sha256:52ac480f44d32970d66763115edea932f1c5b1312de36df06d6b219f6741eed8"},
    {file = "websockets-16.0-cp313-cp313-musllinux_1_2_x86_64.whl", hash = "sha256:6e5a82b677f8f6f59e8dfc34ec06ca6b5b48bc4fcda346acd093694cc2c24d8f"},
    {file = "websockets-16.0-cp313-cp313-win32.whl", hash = "sha256:abf050a199613f64c886ea10f38b47770a65154dc37181bfaff70c160f45315a"},
    {file = "websockets-16.0-cp313-cp313-win_amd64.whl", hash = "sha256:3425ac5cf448801335d6fdc7ae1eb22072055417a96cc6b31b3861f455fbc156"},
    {file = "websockets-16.0-py3-none-any.whl", hash = "sha256:1637db62fad1dc833276dded54215f2c7fa46912301a24bd94d45d46a011ceec"},
    {file = "websockets-16.0.tar.gz", hash = "sha256:5f6261a5e56e8d5c42a4497b364ea24d94d9563e8fbd44e78ac40879c60179b5"},
]

[[package]]
name = "yfinance"
version = "1.2.0"
summary = "Download market data from Yahoo! Finance API"
groups = ["default"]
dependencies = [
    "beautifulsoup4>=4.11.1",
    "curl-cffi<0.14,>=0.7",
    "frozendict>=2.3.4",
    "multitasking>=0.0.7",
    "numpy>=1.16.5",
    "pandas>=1.3.0",
    "peewee>=3.16.2",
    "platformdirs>=2.0.0",
    "protobuf>=3.19.0",
    "pytz>=2022.5",
    "requests>=2.31",
    "websockets>=13.0",
]
files = [
    {file = "yfinance-1.2.0-py2.py3-none-any.whl", hash = "sha256:1c27d1ebfc6275f476721cc6dba035a49d0cf9a806d6aa1785c9e10cf8a610d8"},
    {file = "yfinance-1.2.0.tar.gz", hash = "sha256:80cec643eb983330ca63debab1b5492334fa1e6338d82cb17dd4e7b95079cfab"},
]
